
Microsoft Visual Studio Solution File, Format Version 12.00
# Visual Studio Version 17
VisualStudioVersion = 17.10.35013.160
MinimumVisualStudioVersion = 10.0.40219.1
Project("{FAE04EC0-301F-11D3-BF4B-00C04F79EFBC}") = "Fiap.coleta", "Fiap.coleta.csproj", "{3E228A39-A722-40A2-93AA-A87105B6D8C1}"
EndProject
Global
	GlobalSection(SolutionConfigurationPlatforms) = preSolution
		Debug|Any CPU = Debug|Any CPU
		Release|Any CPU = Release|Any CPU
	EndGlobalSection
	GlobalSection(ProjectConfigurationPlatforms) = postSolution
		{3E228A39-A722-40A2-93AA-A87105B6D8C1}.Debug|Any CPU.ActiveCfg = Debug|Any CPU
		{3E228A39-A722-40A2-93AA-A87105B6D8C1}.Debug|Any CPU.Build.0 = Debug|Any CPU
		{3E228A39-A722-40A2-93AA-A87105B6D8C1}.Release|Any CPU.ActiveCfg = Release|Any CPU
		{3E228A39-A722-40A2-93AA-A87105B6D8C1}.Release|Any CPU.Build.0 = Release|Any CPU
	EndGlobalSection
	GlobalSection(SolutionProperties) = preSolution
		HideSolutionNode = FALSE
	EndGlobalSection
	GlobalSection(ExtensibilityGlobals) = postSolution
		SolutionGuid = {23477445-F6B8-4CCC-A4AF-EF072A4AB0C8}
	EndGlobalSection
EndGlobal
